// !$*UTF8*$!
{
	archiveVersion = 1;
	classes = {
	};
	objectVersion = 50;
	objects = {

/* Begin PBXBuildFile section */
		6217EFB821AB0AA600A845F2 /* DecodableNetworkResponseDecoder.swift in Sources */ = {isa = PBXBuildFile; fileRef = 6217EFB721AB0AA600A845F2 /* DecodableNetworkResponseDecoder.swift */; };
		6217EFBA21AB0B1900A845F2 /* NetworkAPI.swift in Sources */ = {isa = PBXBuildFile; fileRef = 6217EFB921AB0B1900A845F2 /* NetworkAPI.swift */; };
		6217EFBC21AB12B600A845F2 /* NetworkTaskDescriptor.swift in Sources */ = {isa = PBXBuildFile; fileRef = 6217EFBB21AB12B600A845F2 /* NetworkTaskDescriptor.swift */; };
		6217EFBF21AB175200A845F2 /* Alamofire.framework in Frameworks */ = {isa = PBXBuildFile; fileRef = 6217EFBE21AB175100A845F2 /* Alamofire.framework */; };
		6217EFC221AB176600A845F2 /* AlamofireNetworkAdapter.swift in Sources */ = {isa = PBXBuildFile; fileRef = 6217EFC121AB176600A845F2 /* AlamofireNetworkAdapter.swift */; };
		6217EFC421AB238F00A845F2 /* Alamofire.framework in Copy Frameworks */ = {isa = PBXBuildFile; fileRef = 6217EFBE21AB175100A845F2 /* Alamofire.framework */; settings = {ATTRIBUTES = (CodeSignOnCopy, RemoveHeadersOnCopy, ); }; };
		6217EFCA21AB261C00A845F2 /* JSONPlaceholderAPI.swift in Sources */ = {isa = PBXBuildFile; fileRef = 6217EFC921AB261C00A845F2 /* JSONPlaceholderAPI.swift */; };
		6217EFCC21AB26B900A845F2 /* ResponseStatusCodeValidator.swift in Sources */ = {isa = PBXBuildFile; fileRef = 6217EFCB21AB26B900A845F2 /* ResponseStatusCodeValidator.swift */; };
		62D0778821AA2D1600837C0C /* NetworkModule.framework in Frameworks */ = {isa = PBXBuildFile; fileRef = 62D0777E21AA2D1500837C0C /* NetworkModule.framework */; };
		62D0778D21AA2D1600837C0C /* LiveNetworkManagerTests.swift in Sources */ = {isa = PBXBuildFile; fileRef = 62D0778C21AA2D1600837C0C /* LiveNetworkManagerTests.swift */; };
		62D0778F21AA2D1600837C0C /* NetworkModule.h in Headers */ = {isa = PBXBuildFile; fileRef = 62D0778121AA2D1500837C0C /* NetworkModule.h */; settings = {ATTRIBUTES = (Public, ); }; };
		62D077A221AA2DF600837C0C /* NetworkRequest.swift in Sources */ = {isa = PBXBuildFile; fileRef = 62D0779E21AA2DF600837C0C /* NetworkRequest.swift */; };
		62D077A321AA2DF600837C0C /* HTTPMethod.swift in Sources */ = {isa = PBXBuildFile; fileRef = 62D0779F21AA2DF600837C0C /* HTTPMethod.swift */; };
		62D077A421AA2DF600837C0C /* NetworkManager.swift in Sources */ = {isa = PBXBuildFile; fileRef = 62D077A021AA2DF600837C0C /* NetworkManager.swift */; };
		62D077A521AA2DF600837C0C /* NetworkResponse.swift in Sources */ = {isa = PBXBuildFile; fileRef = 62D077A121AA2DF600837C0C /* NetworkResponse.swift */; };
		62D077A721AA2E5900837C0C /* NetworkResponseValidator.swift in Sources */ = {isa = PBXBuildFile; fileRef = 62D077A621AA2E5900837C0C /* NetworkResponseValidator.swift */; };
		62D077A921AA2E6E00837C0C /* NetworkResponseDecoder.swift in Sources */ = {isa = PBXBuildFile; fileRef = 62D077A821AA2E6E00837C0C /* NetworkResponseDecoder.swift */; };
		62D077B321AA328200837C0C /* Result.swift in Sources */ = {isa = PBXBuildFile; fileRef = 62D077B221AA328200837C0C /* Result.swift */; };
		62D077B821AA36A500837C0C /* HTTPParameterEncoding.swift in Sources */ = {isa = PBXBuildFile; fileRef = 62D077B721AA36A500837C0C /* HTTPParameterEncoding.swift */; };
		8F1DDA4E21BEB40000FE3750 /* NetworkManagerPlugin.swift in Sources */ = {isa = PBXBuildFile; fileRef = 8F1DDA4D21BEB40000FE3750 /* NetworkManagerPlugin.swift */; };
		8F1DDA5221BED40300FE3750 /* Cancellable.swift in Sources */ = {isa = PBXBuildFile; fileRef = 8F1DDA5121BED40300FE3750 /* Cancellable.swift */; };
		8F1DDA5521BEDBED00FE3750 /* NetworkInterceptorProtocol.swift in Sources */ = {isa = PBXBuildFile; fileRef = 8F1DDA5421BEDBED00FE3750 /* NetworkInterceptorProtocol.swift */; };
		8F91CE2621BFCF5C002ACAEC /* NetworkManagerPluginTests.swift in Sources */ = {isa = PBXBuildFile; fileRef = 8F91CE2521BFCF5C002ACAEC /* NetworkManagerPluginTests.swift */; };
		8F91CE2B21BFD32F002ACAEC /* Nimble.framework in Copy Frameworks */ = {isa = PBXBuildFile; fileRef = 8F91CE2A21BFD32F002ACAEC /* Nimble.framework */; settings = {ATTRIBUTES = (CodeSignOnCopy, RemoveHeadersOnCopy, ); }; };
		8F91CE2C21BFD332002ACAEC /* Nimble.framework in Frameworks */ = {isa = PBXBuildFile; fileRef = 8F91CE2A21BFD32F002ACAEC /* Nimble.framework */; };
		8F91CE3321BFD58F002ACAEC /* Lightning.framework in Copy Frameworks */ = {isa = PBXBuildFile; fileRef = 8F91CE3221BFD58F002ACAEC /* Lightning.framework */; settings = {ATTRIBUTES = (CodeSignOnCopy, RemoveHeadersOnCopy, ); }; };
		8F91CE3421BFD592002ACAEC /* Lightning.framework in Frameworks */ = {isa = PBXBuildFile; fileRef = 8F91CE3221BFD58F002ACAEC /* Lightning.framework */; };
		8F91CE3621BFD6CB002ACAEC /* MockNetworkAdapter.swift in Sources */ = {isa = PBXBuildFile; fileRef = 8F91CE3521BFD6CB002ACAEC /* MockNetworkAdapter.swift */; };
		8F91CE3821BFD738002ACAEC /* URLRequestBuilder.swift in Sources */ = {isa = PBXBuildFile; fileRef = 8F91CE3721BFD738002ACAEC /* URLRequestBuilder.swift */; };
		8F91CE3B21BFD7C9002ACAEC /* AlamofireMapper.swift in Sources */ = {isa = PBXBuildFile; fileRef = 8F91CE3A21BFD7C9002ACAEC /* AlamofireMapper.swift */; };
		8F91CE3F21BFDC4F002ACAEC /* posts.json in Resources */ = {isa = PBXBuildFile; fileRef = 8F91CE3E21BFDC4F002ACAEC /* posts.json */; };
		8F91CE4221BFDC8F002ACAEC /* ResourceLoader.swift in Sources */ = {isa = PBXBuildFile; fileRef = 8F91CE4121BFDC8F002ACAEC /* ResourceLoader.swift */; };
		8FD6776721C016410068D212 /* NetworkAdapter.swift in Sources */ = {isa = PBXBuildFile; fileRef = 8FD6776621C016410068D212 /* NetworkAdapter.swift */; };
		8FD6776C21C01EB00068D212 /* NetworkInterceptorTests.swift in Sources */ = {isa = PBXBuildFile; fileRef = 8FD6776B21C01EB00068D212 /* NetworkInterceptorTests.swift */; };
/* End PBXBuildFile section */

/* Begin PBXContainerItemProxy section */
		62D0778921AA2D1600837C0C /* PBXContainerItemProxy */ = {
			isa = PBXContainerItemProxy;
			containerPortal = 62D0777521AA2D1500837C0C /* Project object */;
			proxyType = 1;
			remoteGlobalIDString = 62D0777D21AA2D1500837C0C;
			remoteInfo = NetworkModule;
		};
/* End PBXContainerItemProxy section */

/* Begin PBXCopyFilesBuildPhase section */
		6217EFC321AB238400A845F2 /* Copy Frameworks */ = {
			isa = PBXCopyFilesBuildPhase;
			buildActionMask = 2147483647;
			dstPath = "";
			dstSubfolderSpec = 10;
			files = (
				6217EFC421AB238F00A845F2 /* Alamofire.framework in Copy Frameworks */,
				8F91CE2B21BFD32F002ACAEC /* Nimble.framework in Copy Frameworks */,
				8F91CE3321BFD58F002ACAEC /* Lightning.framework in Copy Frameworks */,
			);
			name = "Copy Frameworks";
			runOnlyForDeploymentPostprocessing = 0;
		};
/* End PBXCopyFilesBuildPhase section */

/* Begin PBXFileReference section */
		6217EFB721AB0AA600A845F2 /* DecodableNetworkResponseDecoder.swift */ = {isa = PBXFileReference; lastKnownFileType = sourcecode.swift; path = DecodableNetworkResponseDecoder.swift; sourceTree = "<group>"; };
		6217EFB921AB0B1900A845F2 /* NetworkAPI.swift */ = {isa = PBXFileReference; lastKnownFileType = sourcecode.swift; path = NetworkAPI.swift; sourceTree = "<group>"; };
		6217EFBB21AB12B600A845F2 /* NetworkTaskDescriptor.swift */ = {isa = PBXFileReference; lastKnownFileType = sourcecode.swift; path = NetworkTaskDescriptor.swift; sourceTree = "<group>"; };
		6217EFBE21AB175100A845F2 /* Alamofire.framework */ = {isa = PBXFileReference; lastKnownFileType = wrapper.framework; name = Alamofire.framework; path = Carthage/Build/iOS/Alamofire.framework; sourceTree = "<group>"; };
		6217EFC121AB176600A845F2 /* AlamofireNetworkAdapter.swift */ = {isa = PBXFileReference; lastKnownFileType = sourcecode.swift; path = AlamofireNetworkAdapter.swift; sourceTree = "<group>"; };
		6217EFC921AB261C00A845F2 /* JSONPlaceholderAPI.swift */ = {isa = PBXFileReference; lastKnownFileType = sourcecode.swift; path = JSONPlaceholderAPI.swift; sourceTree = "<group>"; };
		6217EFCB21AB26B900A845F2 /* ResponseStatusCodeValidator.swift */ = {isa = PBXFileReference; lastKnownFileType = sourcecode.swift; path = ResponseStatusCodeValidator.swift; sourceTree = "<group>"; };
		62D0777E21AA2D1500837C0C /* NetworkModule.framework */ = {isa = PBXFileReference; explicitFileType = wrapper.framework; includeInIndex = 0; path = NetworkModule.framework; sourceTree = BUILT_PRODUCTS_DIR; };
		62D0778121AA2D1500837C0C /* NetworkModule.h */ = {isa = PBXFileReference; lastKnownFileType = sourcecode.c.h; path = NetworkModule.h; sourceTree = "<group>"; };
		62D0778221AA2D1500837C0C /* Info.plist */ = {isa = PBXFileReference; lastKnownFileType = text.plist.xml; path = Info.plist; sourceTree = "<group>"; };
		62D0778721AA2D1600837C0C /* NetworkModuleTests.xctest */ = {isa = PBXFileReference; explicitFileType = wrapper.cfbundle; includeInIndex = 0; path = NetworkModuleTests.xctest; sourceTree = BUILT_PRODUCTS_DIR; };
		62D0778C21AA2D1600837C0C /* LiveNetworkManagerTests.swift */ = {isa = PBXFileReference; lastKnownFileType = sourcecode.swift; path = LiveNetworkManagerTests.swift; sourceTree = "<group>"; };
		62D0778E21AA2D1600837C0C /* Info.plist */ = {isa = PBXFileReference; lastKnownFileType = text.plist.xml; path = Info.plist; sourceTree = "<group>"; };
		62D0779E21AA2DF600837C0C /* NetworkRequest.swift */ = {isa = PBXFileReference; fileEncoding = 4; lastKnownFileType = sourcecode.swift; path = NetworkRequest.swift; sourceTree = "<group>"; };
		62D0779F21AA2DF600837C0C /* HTTPMethod.swift */ = {isa = PBXFileReference; fileEncoding = 4; lastKnownFileType = sourcecode.swift; path = HTTPMethod.swift; sourceTree = "<group>"; };
		62D077A021AA2DF600837C0C /* NetworkManager.swift */ = {isa = PBXFileReference; fileEncoding = 4; lastKnownFileType = sourcecode.swift; path = NetworkManager.swift; sourceTree = "<group>"; };
		62D077A121AA2DF600837C0C /* NetworkResponse.swift */ = {isa = PBXFileReference; fileEncoding = 4; lastKnownFileType = sourcecode.swift; path = NetworkResponse.swift; sourceTree = "<group>"; };
		62D077A621AA2E5900837C0C /* NetworkResponseValidator.swift */ = {isa = PBXFileReference; lastKnownFileType = sourcecode.swift; path = NetworkResponseValidator.swift; sourceTree = "<group>"; };
		62D077A821AA2E6E00837C0C /* NetworkResponseDecoder.swift */ = {isa = PBXFileReference; lastKnownFileType = sourcecode.swift; path = NetworkResponseDecoder.swift; sourceTree = "<group>"; };
		62D077B221AA328200837C0C /* Result.swift */ = {isa = PBXFileReference; lastKnownFileType = sourcecode.swift; path = Result.swift; sourceTree = "<group>"; };
		62D077B721AA36A500837C0C /* HTTPParameterEncoding.swift */ = {isa = PBXFileReference; lastKnownFileType = sourcecode.swift; path = HTTPParameterEncoding.swift; sourceTree = "<group>"; };
		8F1DDA4D21BEB40000FE3750 /* NetworkManagerPlugin.swift */ = {isa = PBXFileReference; lastKnownFileType = sourcecode.swift; path = NetworkManagerPlugin.swift; sourceTree = "<group>"; };
		8F1DDA5121BED40300FE3750 /* Cancellable.swift */ = {isa = PBXFileReference; lastKnownFileType = sourcecode.swift; path = Cancellable.swift; sourceTree = "<group>"; };
		8F1DDA5421BEDBED00FE3750 /* NetworkInterceptorProtocol.swift */ = {isa = PBXFileReference; lastKnownFileType = sourcecode.swift; path = NetworkInterceptorProtocol.swift; sourceTree = "<group>"; };
		8F91CE2521BFCF5C002ACAEC /* NetworkManagerPluginTests.swift */ = {isa = PBXFileReference; lastKnownFileType = sourcecode.swift; path = NetworkManagerPluginTests.swift; sourceTree = "<group>"; };
		8F91CE2821BFD297002ACAEC /* Cartfile.resolved */ = {isa = PBXFileReference; lastKnownFileType = text; path = Cartfile.resolved; sourceTree = "<group>"; };
		8F91CE2921BFD297002ACAEC /* Cartfile.private */ = {isa = PBXFileReference; lastKnownFileType = text; path = Cartfile.private; sourceTree = "<group>"; };
		8F91CE2A21BFD32F002ACAEC /* Nimble.framework */ = {isa = PBXFileReference; lastKnownFileType = wrapper.framework; name = Nimble.framework; path = Carthage/Build/iOS/Nimble.framework; sourceTree = "<group>"; };
		8F91CE3221BFD58F002ACAEC /* Lightning.framework */ = {isa = PBXFileReference; lastKnownFileType = wrapper.framework; name = Lightning.framework; path = Carthage/Build/iOS/Lightning.framework; sourceTree = "<group>"; };
		8F91CE3521BFD6CB002ACAEC /* MockNetworkAdapter.swift */ = {isa = PBXFileReference; lastKnownFileType = sourcecode.swift; path = MockNetworkAdapter.swift; sourceTree = "<group>"; };
		8F91CE3721BFD738002ACAEC /* URLRequestBuilder.swift */ = {isa = PBXFileReference; lastKnownFileType = sourcecode.swift; path = URLRequestBuilder.swift; sourceTree = "<group>"; };
		8F91CE3A21BFD7C9002ACAEC /* AlamofireMapper.swift */ = {isa = PBXFileReference; lastKnownFileType = sourcecode.swift; path = AlamofireMapper.swift; sourceTree = "<group>"; };
		8F91CE3E21BFDC4F002ACAEC /* posts.json */ = {isa = PBXFileReference; fileEncoding = 4; lastKnownFileType = text.json; name = posts.json; path = ../../../../../posts.json; sourceTree = "<group>"; };
		8F91CE4121BFDC8F002ACAEC /* ResourceLoader.swift */ = {isa = PBXFileReference; lastKnownFileType = sourcecode.swift; path = ResourceLoader.swift; sourceTree = "<group>"; };
		8FD6776621C016410068D212 /* NetworkAdapter.swift */ = {isa = PBXFileReference; lastKnownFileType = sourcecode.swift; path = NetworkAdapter.swift; sourceTree = "<group>"; };
		8FD6776B21C01EB00068D212 /* NetworkInterceptorTests.swift */ = {isa = PBXFileReference; lastKnownFileType = sourcecode.swift; path = NetworkInterceptorTests.swift; sourceTree = "<group>"; };
/* End PBXFileReference section */

/* Begin PBXFrameworksBuildPhase section */
		62D0777B21AA2D1500837C0C /* Frameworks */ = {
			isa = PBXFrameworksBuildPhase;
			buildActionMask = 2147483647;
			files = (
			);
			runOnlyForDeploymentPostprocessing = 0;
		};
		62D0778421AA2D1600837C0C /* Frameworks */ = {
			isa = PBXFrameworksBuildPhase;
			buildActionMask = 2147483647;
			files = (
				62D0778821AA2D1600837C0C /* NetworkModule.framework in Frameworks */,
				6217EFBF21AB175200A845F2 /* Alamofire.framework in Frameworks */,
				8F91CE2C21BFD332002ACAEC /* Nimble.framework in Frameworks */,
				8F91CE3421BFD592002ACAEC /* Lightning.framework in Frameworks */,
			);
			runOnlyForDeploymentPostprocessing = 0;
		};
/* End PBXFrameworksBuildPhase section */

/* Begin PBXGroup section */
		6217EFBD21AB175100A845F2 /* Frameworks */ = {
			isa = PBXGroup;
			children = (
				8F91CE3221BFD58F002ACAEC /* Lightning.framework */,
				8F91CE2A21BFD32F002ACAEC /* Nimble.framework */,
				6217EFBE21AB175100A845F2 /* Alamofire.framework */,
			);
			name = Frameworks;
			sourceTree = "<group>";
		};
		6217EFC621AB252000A845F2 /* Components */ = {
			isa = PBXGroup;
			children = (
				6217EFC921AB261C00A845F2 /* JSONPlaceholderAPI.swift */,
				8F91CE3521BFD6CB002ACAEC /* MockNetworkAdapter.swift */,
			);
			path = Components;
			sourceTree = "<group>";
		};
		62D0777421AA2D1500837C0C = {
			isa = PBXGroup;
			children = (
				8F91CE2721BFD288002ACAEC /* Dependencies */,
				62D0778021AA2D1500837C0C /* NetworkModule */,
				62D0778B21AA2D1600837C0C /* NetworkModuleTests */,
				62D0777F21AA2D1500837C0C /* Products */,
				6217EFBD21AB175100A845F2 /* Frameworks */,
			);
			sourceTree = "<group>";
		};
		62D0777F21AA2D1500837C0C /* Products */ = {
			isa = PBXGroup;
			children = (
				62D0777E21AA2D1500837C0C /* NetworkModule.framework */,
				62D0778721AA2D1600837C0C /* NetworkModuleTests.xctest */,
			);
			name = Products;
			sourceTree = "<group>";
		};
		62D0778021AA2D1500837C0C /* NetworkModule */ = {
			isa = PBXGroup;
			children = (
				62D077B121AA327700837C0C /* Helpers */,
				8FD6776821C019460068D212 /* Core+Helpers */,
				62D0779D21AA2DDE00837C0C /* Core */,
				62D0778121AA2D1500837C0C /* NetworkModule.h */,
				62D0778221AA2D1500837C0C /* Info.plist */,
			);
			path = NetworkModule;
			sourceTree = "<group>";
		};
		62D0778B21AA2D1600837C0C /* NetworkModuleTests */ = {
			isa = PBXGroup;
			children = (
				8F91CE4021BFDC85002ACAEC /* Helpers */,
				8F91CE3C21BFDBFE002ACAEC /* Resources */,
				8F91CE3921BFD7B6002ACAEC /* AlamofireAdapters */,
				6217EFC621AB252000A845F2 /* Components */,
				62D0778E21AA2D1600837C0C /* Info.plist */,
				62D0778C21AA2D1600837C0C /* LiveNetworkManagerTests.swift */,
				8F91CE2521BFCF5C002ACAEC /* NetworkManagerPluginTests.swift */,
				8FD6776B21C01EB00068D212 /* NetworkInterceptorTests.swift */,
			);
			path = NetworkModuleTests;
			sourceTree = "<group>";
		};
		62D0779D21AA2DDE00837C0C /* Core */ = {
			isa = PBXGroup;
			children = (
				8FD6776521C015EE0068D212 /* Task */,
				8FD6776421C015E10068D212 /* Manager */,
				8F1DDA5321BEDBC300FE3750 /* Misc */,
			);
			path = Core;
			sourceTree = "<group>";
		};
		62D077B121AA327700837C0C /* Helpers */ = {
			isa = PBXGroup;
			children = (
				62D077B221AA328200837C0C /* Result.swift */,
			);
			path = Helpers;
			sourceTree = "<group>";
		};
		8F1DDA5321BEDBC300FE3750 /* Misc */ = {
			isa = PBXGroup;
			children = (
				62D077B721AA36A500837C0C /* HTTPParameterEncoding.swift */,
				62D0779F21AA2DF600837C0C /* HTTPMethod.swift */,
				8F1DDA5121BED40300FE3750 /* Cancellable.swift */,
			);
			path = Misc;
			sourceTree = "<group>";
		};
		8F91CE2721BFD288002ACAEC /* Dependencies */ = {
			isa = PBXGroup;
			children = (
				8F91CE2921BFD297002ACAEC /* Cartfile.private */,
				8F91CE2821BFD297002ACAEC /* Cartfile.resolved */,
			);
			name = Dependencies;
			sourceTree = "<group>";
		};
		8F91CE3921BFD7B6002ACAEC /* AlamofireAdapters */ = {
			isa = PBXGroup;
			children = (
				6217EFC121AB176600A845F2 /* AlamofireNetworkAdapter.swift */,
				8F91CE3A21BFD7C9002ACAEC /* AlamofireMapper.swift */,
				8F91CE3721BFD738002ACAEC /* URLRequestBuilder.swift */,
			);
			path = AlamofireAdapters;
			sourceTree = "<group>";
		};
		8F91CE3C21BFDBFE002ACAEC /* Resources */ = {
			isa = PBXGroup;
			children = (
				8F91CE3E21BFDC4F002ACAEC /* posts.json */,
			);
			path = Resources;
			sourceTree = "<group>";
		};
		8F91CE4021BFDC85002ACAEC /* Helpers */ = {
			isa = PBXGroup;
			children = (
				8F91CE4121BFDC8F002ACAEC /* ResourceLoader.swift */,
			);
			path = Helpers;
			sourceTree = "<group>";
		};
		8FD6776421C015E10068D212 /* Manager */ = {
			isa = PBXGroup;
			children = (
				62D077A021AA2DF600837C0C /* NetworkManager.swift */,
				8FD6776621C016410068D212 /* NetworkAdapter.swift */,
				8F1DDA4D21BEB40000FE3750 /* NetworkManagerPlugin.swift */,
				8F1DDA5421BEDBED00FE3750 /* NetworkInterceptorProtocol.swift */,
			);
			path = Manager;
			sourceTree = "<group>";
		};
		8FD6776521C015EE0068D212 /* Task */ = {
			isa = PBXGroup;
			children = (
				6217EFBB21AB12B600A845F2 /* NetworkTaskDescriptor.swift */,
				62D0779E21AA2DF600837C0C /* NetworkRequest.swift */,
				62D077A121AA2DF600837C0C /* NetworkResponse.swift */,
				62D077A621AA2E5900837C0C /* NetworkResponseValidator.swift */,
				62D077A821AA2E6E00837C0C /* NetworkResponseDecoder.swift */,
			);
			path = Task;
			sourceTree = "<group>";
		};
		8FD6776821C019460068D212 /* Core+Helpers */ = {
			isa = PBXGroup;
			children = (
				6217EFB921AB0B1900A845F2 /* NetworkAPI.swift */,
				6217EFB721AB0AA600A845F2 /* DecodableNetworkResponseDecoder.swift */,
				6217EFCB21AB26B900A845F2 /* ResponseStatusCodeValidator.swift */,
			);
			path = "Core+Helpers";
			sourceTree = "<group>";
		};
/* End PBXGroup section */

/* Begin PBXHeadersBuildPhase section */
		62D0777921AA2D1500837C0C /* Headers */ = {
			isa = PBXHeadersBuildPhase;
			buildActionMask = 2147483647;
			files = (
				62D0778F21AA2D1600837C0C /* NetworkModule.h in Headers */,
			);
			runOnlyForDeploymentPostprocessing = 0;
		};
/* End PBXHeadersBuildPhase section */

/* Begin PBXNativeTarget section */
		62D0777D21AA2D1500837C0C /* NetworkModule */ = {
			isa = PBXNativeTarget;
			buildConfigurationList = 62D0779221AA2D1600837C0C /* Build configuration list for PBXNativeTarget "NetworkModule" */;
			buildPhases = (
				62D0777921AA2D1500837C0C /* Headers */,
				62D0777A21AA2D1500837C0C /* Sources */,
				62D0777B21AA2D1500837C0C /* Frameworks */,
				62D0777C21AA2D1500837C0C /* Resources */,
			);
			buildRules = (
			);
			dependencies = (
			);
			name = NetworkModule;
			productName = NetworkModule;
			productReference = 62D0777E21AA2D1500837C0C /* NetworkModule.framework */;
			productType = "com.apple.product-type.framework";
		};
		62D0778621AA2D1600837C0C /* NetworkModuleTests */ = {
			isa = PBXNativeTarget;
			buildConfigurationList = 62D0779521AA2D1600837C0C /* Build configuration list for PBXNativeTarget "NetworkModuleTests" */;
			buildPhases = (
				62D0778321AA2D1600837C0C /* Sources */,
				62D0778421AA2D1600837C0C /* Frameworks */,
				62D0778521AA2D1600837C0C /* Resources */,
				6217EFC321AB238400A845F2 /* Copy Frameworks */,
			);
			buildRules = (
			);
			dependencies = (
				62D0778A21AA2D1600837C0C /* PBXTargetDependency */,
			);
			name = NetworkModuleTests;
			productName = NetworkModuleTests;
			productReference = 62D0778721AA2D1600837C0C /* NetworkModuleTests.xctest */;
			productType = "com.apple.product-type.bundle.unit-test";
		};
/* End PBXNativeTarget section */

/* Begin PBXProject section */
		62D0777521AA2D1500837C0C /* Project object */ = {
			isa = PBXProject;
			attributes = {
				LastSwiftUpdateCheck = 1010;
				LastUpgradeCheck = 1010;
				ORGANIZATIONNAME = GK;
				TargetAttributes = {
					62D0777D21AA2D1500837C0C = {
						CreatedOnToolsVersion = 10.1;
						LastSwiftMigration = 1010;
					};
					62D0778621AA2D1600837C0C = {
						CreatedOnToolsVersion = 10.1;
					};
				};
			};
			buildConfigurationList = 62D0777821AA2D1500837C0C /* Build configuration list for PBXProject "NetworkModule" */;
			compatibilityVersion = "Xcode 9.3";
			developmentRegion = en;
			hasScannedForEncodings = 0;
			knownRegions = (
				en,
			);
			mainGroup = 62D0777421AA2D1500837C0C;
			productRefGroup = 62D0777F21AA2D1500837C0C /* Products */;
			projectDirPath = "";
			projectRoot = "";
			targets = (
				62D0777D21AA2D1500837C0C /* NetworkModule */,
				62D0778621AA2D1600837C0C /* NetworkModuleTests */,
			);
		};
/* End PBXProject section */

/* Begin PBXResourcesBuildPhase section */
		62D0777C21AA2D1500837C0C /* Resources */ = {
			isa = PBXResourcesBuildPhase;
			buildActionMask = 2147483647;
			files = (
			);
			runOnlyForDeploymentPostprocessing = 0;
		};
		62D0778521AA2D1600837C0C /* Resources */ = {
			isa = PBXResourcesBuildPhase;
			buildActionMask = 2147483647;
			files = (
				8F91CE3F21BFDC4F002ACAEC /* posts.json in Resources */,
			);
			runOnlyForDeploymentPostprocessing = 0;
		};
/* End PBXResourcesBuildPhase section */

/* Begin PBXSourcesBuildPhase section */
		62D0777A21AA2D1500837C0C /* Sources */ = {
			isa = PBXSourcesBuildPhase;
			buildActionMask = 2147483647;
			files = (
				8F1DDA5221BED40300FE3750 /* Cancellable.swift in Sources */,
				62D077A421AA2DF600837C0C /* NetworkManager.swift in Sources */,
				8F1DDA5521BEDBED00FE3750 /* NetworkInterceptorProtocol.swift in Sources */,
				62D077A921AA2E6E00837C0C /* NetworkResponseDecoder.swift in Sources */,
				62D077B821AA36A500837C0C /* HTTPParameterEncoding.swift in Sources */,
				6217EFB821AB0AA600A845F2 /* DecodableNetworkResponseDecoder.swift in Sources */,
				6217EFBC21AB12B600A845F2 /* NetworkTaskDescriptor.swift in Sources */,
				8F1DDA4E21BEB40000FE3750 /* NetworkManagerPlugin.swift in Sources */,
				62D077A521AA2DF600837C0C /* NetworkResponse.swift in Sources */,
				6217EFBA21AB0B1900A845F2 /* NetworkAPI.swift in Sources */,
				8FD6776721C016410068D212 /* NetworkAdapter.swift in Sources */,
				62D077A321AA2DF600837C0C /* HTTPMethod.swift in Sources */,
				62D077A221AA2DF600837C0C /* NetworkRequest.swift in Sources */,
				62D077B321AA328200837C0C /* Result.swift in Sources */,
				62D077A721AA2E5900837C0C /* NetworkResponseValidator.swift in Sources */,
				6217EFCC21AB26B900A845F2 /* ResponseStatusCodeValidator.swift in Sources */,
			);
			runOnlyForDeploymentPostprocessing = 0;
		};
		62D0778321AA2D1600837C0C /* Sources */ = {
			isa = PBXSourcesBuildPhase;
			buildActionMask = 2147483647;
			files = (
				62D0778D21AA2D1600837C0C /* LiveNetworkManagerTests.swift in Sources */,
				8FD6776C21C01EB00068D212 /* NetworkInterceptorTests.swift in Sources */,
				6217EFCA21AB261C00A845F2 /* JSONPlaceholderAPI.swift in Sources */,
				8F91CE3621BFD6CB002ACAEC /* MockNetworkAdapter.swift in Sources */,
				6217EFC221AB176600A845F2 /* AlamofireNetworkAdapter.swift in Sources */,
				8F91CE3B21BFD7C9002ACAEC /* AlamofireMapper.swift in Sources */,
				8F91CE2621BFCF5C002ACAEC /* NetworkManagerPluginTests.swift in Sources */,
				8F91CE4221BFDC8F002ACAEC /* ResourceLoader.swift in Sources */,
				8F91CE3821BFD738002ACAEC /* URLRequestBuilder.swift in Sources */,
			);
			runOnlyForDeploymentPostprocessing = 0;
		};
/* End PBXSourcesBuildPhase section */

/* Begin PBXTargetDependency section */
		62D0778A21AA2D1600837C0C /* PBXTargetDependency */ = {
			isa = PBXTargetDependency;
			target = 62D0777D21AA2D1500837C0C /* NetworkModule */;
			targetProxy = 62D0778921AA2D1600837C0C /* PBXContainerItemProxy */;
		};
/* End PBXTargetDependency section */

/* Begin XCBuildConfiguration section */
		62D0779021AA2D1600837C0C /* Debug */ = {
			isa = XCBuildConfiguration;
			buildSettings = {
				ALWAYS_SEARCH_USER_PATHS = NO;
				CLANG_ANALYZER_NONNULL = YES;
				CLANG_ANALYZER_NUMBER_OBJECT_CONVERSION = YES_AGGRESSIVE;
				CLANG_CXX_LANGUAGE_STANDARD = "gnu++14";
				CLANG_CXX_LIBRARY = "libc++";
				CLANG_ENABLE_MODULES = YES;
				CLANG_ENABLE_OBJC_ARC = YES;
				CLANG_ENABLE_OBJC_WEAK = YES;
				CLANG_WARN_BLOCK_CAPTURE_AUTORELEASING = YES;
				CLANG_WARN_BOOL_CONVERSION = YES;
				CLANG_WARN_COMMA = YES;
				CLANG_WARN_CONSTANT_CONVERSION = YES;
				CLANG_WARN_DEPRECATED_OBJC_IMPLEMENTATIONS = YES;
				CLANG_WARN_DIRECT_OBJC_ISA_USAGE = YES_ERROR;
				CLANG_WARN_DOCUMENTATION_COMMENTS = YES;
				CLANG_WARN_EMPTY_BODY = YES;
				CLANG_WARN_ENUM_CONVERSION = YES;
				CLANG_WARN_INFINITE_RECURSION = YES;
				CLANG_WARN_INT_CONVERSION = YES;
				CLANG_WARN_NON_LITERAL_NULL_CONVERSION = YES;
				CLANG_WARN_OBJC_IMPLICIT_RETAIN_SELF = YES;
				CLANG_WARN_OBJC_LITERAL_CONVERSION = YES;
				CLANG_WARN_OBJC_ROOT_CLASS = YES_ERROR;
				CLANG_WARN_RANGE_LOOP_ANALYSIS = YES;
				CLANG_WARN_STRICT_PROTOTYPES = YES;
				CLANG_WARN_SUSPICIOUS_MOVE = YES;
				CLANG_WARN_UNGUARDED_AVAILABILITY = YES_AGGRESSIVE;
				CLANG_WARN_UNREACHABLE_CODE = YES;
				CLANG_WARN__DUPLICATE_METHOD_MATCH = YES;
				CODE_SIGN_IDENTITY = "iPhone Developer";
				COPY_PHASE_STRIP = NO;
				CURRENT_PROJECT_VERSION = 1;
				DEBUG_INFORMATION_FORMAT = dwarf;
				ENABLE_STRICT_OBJC_MSGSEND = YES;
				ENABLE_TESTABILITY = YES;
				GCC_C_LANGUAGE_STANDARD = gnu11;
				GCC_DYNAMIC_NO_PIC = NO;
				GCC_NO_COMMON_BLOCKS = YES;
				GCC_OPTIMIZATION_LEVEL = 0;
				GCC_PREPROCESSOR_DEFINITIONS = (
					"DEBUG=1",
					"$(inherited)",
				);
				GCC_WARN_64_TO_32_BIT_CONVERSION = YES;
				GCC_WARN_ABOUT_RETURN_TYPE = YES_ERROR;
				GCC_WARN_UNDECLARED_SELECTOR = YES;
				GCC_WARN_UNINITIALIZED_AUTOS = YES_AGGRESSIVE;
				GCC_WARN_UNUSED_FUNCTION = YES;
				GCC_WARN_UNUSED_VARIABLE = YES;
				IPHONEOS_DEPLOYMENT_TARGET = 12.1;
				MTL_ENABLE_DEBUG_INFO = INCLUDE_SOURCE;
				MTL_FAST_MATH = YES;
				ONLY_ACTIVE_ARCH = YES;
				SDKROOT = iphoneos;
				SWIFT_ACTIVE_COMPILATION_CONDITIONS = DEBUG;
				SWIFT_OPTIMIZATION_LEVEL = "-Onone";
				VERSIONING_SYSTEM = "apple-generic";
				VERSION_INFO_PREFIX = "";
			};
			name = Debug;
		};
		62D0779121AA2D1600837C0C /* Release */ = {
			isa = XCBuildConfiguration;
			buildSettings = {
				ALWAYS_SEARCH_USER_PATHS = NO;
				CLANG_ANALYZER_NONNULL = YES;
				CLANG_ANALYZER_NUMBER_OBJECT_CONVERSION = YES_AGGRESSIVE;
				CLANG_CXX_LANGUAGE_STANDARD = "gnu++14";
				CLANG_CXX_LIBRARY = "libc++";
				CLANG_ENABLE_MODULES = YES;
				CLANG_ENABLE_OBJC_ARC = YES;
				CLANG_ENABLE_OBJC_WEAK = YES;
				CLANG_WARN_BLOCK_CAPTURE_AUTORELEASING = YES;
				CLANG_WARN_BOOL_CONVERSION = YES;
				CLANG_WARN_COMMA = YES;
				CLANG_WARN_CONSTANT_CONVERSION = YES;
				CLANG_WARN_DEPRECATED_OBJC_IMPLEMENTATIONS = YES;
				CLANG_WARN_DIRECT_OBJC_ISA_USAGE = YES_ERROR;
				CLANG_WARN_DOCUMENTATION_COMMENTS = YES;
				CLANG_WARN_EMPTY_BODY = YES;
				CLANG_WARN_ENUM_CONVERSION = YES;
				CLANG_WARN_INFINITE_RECURSION = YES;
				CLANG_WARN_INT_CONVERSION = YES;
				CLANG_WARN_NON_LITERAL_NULL_CONVERSION = YES;
				CLANG_WARN_OBJC_IMPLICIT_RETAIN_SELF = YES;
				CLANG_WARN_OBJC_LITERAL_CONVERSION = YES;
				CLANG_WARN_OBJC_ROOT_CLASS = YES_ERROR;
				CLANG_WARN_RANGE_LOOP_ANALYSIS = YES;
				CLANG_WARN_STRICT_PROTOTYPES = YES;
				CLANG_WARN_SUSPICIOUS_MOVE = YES;
				CLANG_WARN_UNGUARDED_AVAILABILITY = YES_AGGRESSIVE;
				CLANG_WARN_UNREACHABLE_CODE = YES;
				CLANG_WARN__DUPLICATE_METHOD_MATCH = YES;
				CODE_SIGN_IDENTITY = "iPhone Developer";
				COPY_PHASE_STRIP = NO;
				CURRENT_PROJECT_VERSION = 1;
				DEBUG_INFORMATION_FORMAT = "dwarf-with-dsym";
				ENABLE_NS_ASSERTIONS = NO;
				ENABLE_STRICT_OBJC_MSGSEND = YES;
				GCC_C_LANGUAGE_STANDARD = gnu11;
				GCC_NO_COMMON_BLOCKS = YES;
				GCC_WARN_64_TO_32_BIT_CONVERSION = YES;
				GCC_WARN_ABOUT_RETURN_TYPE = YES_ERROR;
				GCC_WARN_UNDECLARED_SELECTOR = YES;
				GCC_WARN_UNINITIALIZED_AUTOS = YES_AGGRESSIVE;
				GCC_WARN_UNUSED_FUNCTION = YES;
				GCC_WARN_UNUSED_VARIABLE = YES;
				IPHONEOS_DEPLOYMENT_TARGET = 12.1;
				MTL_ENABLE_DEBUG_INFO = NO;
				MTL_FAST_MATH = YES;
				SDKROOT = iphoneos;
				SWIFT_COMPILATION_MODE = wholemodule;
				SWIFT_OPTIMIZATION_LEVEL = "-O";
				VALIDATE_PRODUCT = YES;
				VERSIONING_SYSTEM = "apple-generic";
				VERSION_INFO_PREFIX = "";
			};
			name = Release;
		};
		62D0779321AA2D1600837C0C /* Debug */ = {
			isa = XCBuildConfiguration;
			buildSettings = {
				CLANG_ENABLE_MODULES = YES;
				CODE_SIGN_IDENTITY = "";
				CODE_SIGN_STYLE = Automatic;
				DEFINES_MODULE = YES;
				DYLIB_COMPATIBILITY_VERSION = 1;
				DYLIB_CURRENT_VERSION = 1;
				DYLIB_INSTALL_NAME_BASE = "@rpath";
				INFOPLIST_FILE = NetworkModule/Info.plist;
				INSTALL_PATH = "$(LOCAL_LIBRARY_DIR)/Frameworks";
				LD_RUNPATH_SEARCH_PATHS = (
					"$(inherited)",
					"@executable_path/Frameworks",
					"@loader_path/Frameworks",
				);
				PRODUCT_BUNDLE_IDENTIFIER = me.gk.NetworkModule;
				PRODUCT_NAME = "$(TARGET_NAME:c99extidentifier)";
				SKIP_INSTALL = YES;
				SWIFT_OPTIMIZATION_LEVEL = "-Onone";
				SWIFT_VERSION = 4.2;
				TARGETED_DEVICE_FAMILY = "1,2";
			};
			name = Debug;
		};
		62D0779421AA2D1600837C0C /* Release */ = {
			isa = XCBuildConfiguration;
			buildSettings = {
				CLANG_ENABLE_MODULES = YES;
				CODE_SIGN_IDENTITY = "";
				CODE_SIGN_STYLE = Automatic;
				DEFINES_MODULE = YES;
				DYLIB_COMPATIBILITY_VERSION = 1;
				DYLIB_CURRENT_VERSION = 1;
				DYLIB_INSTALL_NAME_BASE = "@rpath";
				INFOPLIST_FILE = NetworkModule/Info.plist;
				INSTALL_PATH = "$(LOCAL_LIBRARY_DIR)/Frameworks";
				LD_RUNPATH_SEARCH_PATHS = (
					"$(inherited)",
					"@executable_path/Frameworks",
					"@loader_path/Frameworks",
				);
				PRODUCT_BUNDLE_IDENTIFIER = me.gk.NetworkModule;
				PRODUCT_NAME = "$(TARGET_NAME:c99extidentifier)";
				SKIP_INSTALL = YES;
				SWIFT_VERSION = 4.2;
				TARGETED_DEVICE_FAMILY = "1,2";
			};
			name = Release;
		};
		62D0779621AA2D1600837C0C /* Debug */ = {
			isa = XCBuildConfiguration;
			buildSettings = {
				ALWAYS_EMBED_SWIFT_STANDARD_LIBRARIES = YES;
				CODE_SIGN_STYLE = Automatic;
				FRAMEWORK_SEARCH_PATHS = (
					"$(inherited)",
					"$(PROJECT_DIR)/Carthage/Build/iOS",
				);
				INFOPLIST_FILE = NetworkModuleTests/Info.plist;
				LD_RUNPATH_SEARCH_PATHS = (
					"$(inherited)",
					"@executable_path/Frameworks",
					"@loader_path/Frameworks",
				);
				PRODUCT_BUNDLE_IDENTIFIER = me.gk.NetworkModuleTests;
				PRODUCT_NAME = "$(TARGET_NAME)";
				SWIFT_VERSION = 4.2;
				TARGETED_DEVICE_FAMILY = "1,2";
			};
			name = Debug;
		};
		62D0779721AA2D1600837C0C /* Release */ = {
			isa = XCBuildConfiguration;
			buildSettings = {
				ALWAYS_EMBED_SWIFT_STANDARD_LIBRARIES = YES;
				CODE_SIGN_STYLE = Automatic;
				FRAMEWORK_SEARCH_PATHS = (
					"$(inherited)",
					"$(PROJECT_DIR)/Carthage/Build/iOS",
				);
				INFOPLIST_FILE = NetworkModuleTests/Info.plist;
				LD_RUNPATH_SEARCH_PATHS = (
					"$(inherited)",
					"@executable_path/Frameworks",
					"@loader_path/Frameworks",
				);
				PRODUCT_BUNDLE_IDENTIFIER = me.gk.NetworkModuleTests;
				PRODUCT_NAME = "$(TARGET_NAME)";
				SWIFT_VERSION = 4.2;
				TARGETED_DEVICE_FAMILY = "1,2";
			};
			name = Release;
		};
/* End XCBuildConfiguration section */

/* Begin XCConfigurationList section */
		62D0777821AA2D1500837C0C /* Build configuration list for PBXProject "NetworkModule" */ = {
			isa = XCConfigurationList;
			buildConfigurations = (
				62D0779021AA2D1600837C0C /* Debug */,
				62D0779121AA2D1600837C0C /* Release */,
			);
			defaultConfigurationIsVisible = 0;
			defaultConfigurationName = Release;
		};
		62D0779221AA2D1600837C0C /* Build configuration list for PBXNativeTarget "NetworkModule" */ = {
			isa = XCConfigurationList;
			buildConfigurations = (
				62D0779321AA2D1600837C0C /* Debug */,
				62D0779421AA2D1600837C0C /* Release */,
			);
			defaultConfigurationIsVisible = 0;
			defaultConfigurationName = Release;
		};
		62D0779521AA2D1600837C0C /* Build configuration list for PBXNativeTarget "NetworkModuleTests" */ = {
			isa = XCConfigurationList;
			buildConfigurations = (
				62D0779621AA2D1600837C0C /* Debug */,
				62D0779721AA2D1600837C0C /* Release */,
			);
			defaultConfigurationIsVisible = 0;
			defaultConfigurationName = Release;
		};
/* End XCConfigurationList section */
	};
	rootObject = 62D0777521AA2D1500837C0C /* Project object */;
}
